
Microsoft Visual Studio Solution File, Format Version 12.00
# Visual Studio Version 17
VisualStudioVersion = 17.5.33627.172
MinimumVisualStudioVersion = 10.0.40219.1
Project("{FAE04EC0-301F-11D3-BF4B-00C04F79EFBC}") = "PawnshopAPI", "PawnshopAPI\PawnshopAPI.csproj", "{70B164F9-C13F-490A-BE95-404D21CF9516}"
EndProject
Project("{FAE04EC0-301F-11D3-BF4B-00C04F79EFBC}") = "Entities", "Entities\Entities.csproj", "{C6F91E2E-09FF-4C4A-A352-F03C3DA9B7F2}"
EndProject
Project("{2150E333-8FDC-42A3-9474-1A3956D46DE8}") = "src", "src", "{4C80B560-F68A-4D51-AAB2-865E9E9A972A}"
EndProject
Project("{FAE04EC0-301F-11D3-BF4B-00C04F79EFBC}") = "Repositories", "Repositories\Repositories.csproj", "{08C9E89E-476E-4775-90BE-F134374EC7BD}"
EndProject
Project("{FAE04EC0-301F-11D3-BF4B-00C04F79EFBC}") = "Services", "Services\Services.csproj", "{1724F401-C44A-4160-93A3-82486C1390B8}"
EndProject
Global
	GlobalSection(SolutionConfigurationPlatforms) = preSolution
		Debug|Any CPU = Debug|Any CPU
		Release|Any CPU = Release|Any CPU
	EndGlobalSection
	GlobalSection(ProjectConfigurationPlatforms) = postSolution
		{70B164F9-C13F-490A-BE95-404D21CF9516}.Debug|Any CPU.ActiveCfg = Debug|Any CPU
		{70B164F9-C13F-490A-BE95-404D21CF9516}.Debug|Any CPU.Build.0 = Debug|Any CPU
		{70B164F9-C13F-490A-BE95-404D21CF9516}.Release|Any CPU.ActiveCfg = Release|Any CPU
		{70B164F9-C13F-490A-BE95-404D21CF9516}.Release|Any CPU.Build.0 = Release|Any CPU
		{C6F91E2E-09FF-4C4A-A352-F03C3DA9B7F2}.Debug|Any CPU.ActiveCfg = Debug|Any CPU
		{C6F91E2E-09FF-4C4A-A352-F03C3DA9B7F2}.Debug|Any CPU.Build.0 = Debug|Any CPU
		{C6F91E2E-09FF-4C4A-A352-F03C3DA9B7F2}.Release|Any CPU.ActiveCfg = Release|Any CPU
		{C6F91E2E-09FF-4C4A-A352-F03C3DA9B7F2}.Release|Any CPU.Build.0 = Release|Any CPU
		{08C9E89E-476E-4775-90BE-F134374EC7BD}.Debug|Any CPU.ActiveCfg = Debug|Any CPU
		{08C9E89E-476E-4775-90BE-F134374EC7BD}.Debug|Any CPU.Build.0 = Debug|Any CPU
		{08C9E89E-476E-4775-90BE-F134374EC7BD}.Release|Any CPU.ActiveCfg = Release|Any CPU
		{08C9E89E-476E-4775-90BE-F134374EC7BD}.Release|Any CPU.Build.0 = Release|Any CPU
		{1724F401-C44A-4160-93A3-82486C1390B8}.Debug|Any CPU.ActiveCfg = Debug|Any CPU
		{1724F401-C44A-4160-93A3-82486C1390B8}.Debug|Any CPU.Build.0 = Debug|Any CPU
		{1724F401-C44A-4160-93A3-82486C1390B8}.Release|Any CPU.ActiveCfg = Release|Any CPU
		{1724F401-C44A-4160-93A3-82486C1390B8}.Release|Any CPU.Build.0 = Release|Any CPU
	EndGlobalSection
	GlobalSection(SolutionProperties) = preSolution
		HideSolutionNode = FALSE
	EndGlobalSection
	GlobalSection(NestedProjects) = preSolution
		{C6F91E2E-09FF-4C4A-A352-F03C3DA9B7F2} = {4C80B560-F68A-4D51-AAB2-865E9E9A972A}
		{08C9E89E-476E-4775-90BE-F134374EC7BD} = {4C80B560-F68A-4D51-AAB2-865E9E9A972A}
		{1724F401-C44A-4160-93A3-82486C1390B8} = {4C80B560-F68A-4D51-AAB2-865E9E9A972A}
	EndGlobalSection
	GlobalSection(ExtensibilityGlobals) = postSolution
		SolutionGuid = {15CFA17A-B041-49D7-9C9C-0BE0329712EC}
	EndGlobalSection
EndGlobal
